
Microsoft Visual Studio Solution File, Format Version 12.00
# Visual Studio Version 16
VisualStudioVersion = 16.0.35731.53
MinimumVisualStudioVersion = 10.0.40219.1
Project("{8BC9CEB8-8B4A-11D0-8D11-00A0C91BC942}") = "Anjaneya", "Anjaneya.vcxproj", "{A5BC7999-6700-499D-A0C0-5F09F22010F2}"
EndProject
Global
	GlobalSection(SolutionConfigurationPlatforms) = preSolution
		Debug|x64 = Debug|x64
		Release|x64 = Release|x64
	EndGlobalSection
	GlobalSection(ProjectConfigurationPlatforms) = postSolution
		{A5BC7999-6700-499D-A0C0-5F09F22010F2}.Debug|x64.ActiveCfg = Debug|x64
		{A5BC7999-6700-499D-A0C0-5F09F22010F2}.Debug|x64.Build.0 = Debug|x64
		{A5BC7999-6700-499D-A0C0-5F09F22010F2}.Release|x64.ActiveCfg = Release|x64
		{A5BC7999-6700-499D-A0C0-5F09F22010F2}.Release|x64.Build.0 = Release|x64
	EndGlobalSection
	GlobalSection(SolutionProperties) = preSolution
		HideSolutionNode = FALSE
	EndGlobalSection
	GlobalSection(ExtensibilityGlobals) = postSolution
		SolutionGuid = {DA0FC5C9-87DF-4398-8E66-A97D4F2E7896}
	EndGlobalSection
EndGlobal
